
Microsoft Visual Studio Solution File, Format Version 12.00
# Visual Studio Version 17
VisualStudioVersion = 17.13.35931.197
MinimumVisualStudioVersion = 10.0.40219.1
Project("{FAE04EC0-301F-11D3-BF4B-00C04F79EFBC}") = "Contarla Para Vivir PNT", "Contarla Para Vivir PNT.csproj", "{0009580F-7650-6B28-C9AB-DCC6898CF1D0}"
EndProject
Global
	GlobalSection(SolutionConfigurationPlatforms) = preSolution
		Debug|Any CPU = Debug|Any CPU
		Release|Any CPU = Release|Any CPU
	EndGlobalSection
	GlobalSection(ProjectConfigurationPlatforms) = postSolution
		{0009580F-7650-6B28-C9AB-DCC6898CF1D0}.Debug|Any CPU.ActiveCfg = Debug|Any CPU
		{0009580F-7650-6B28-C9AB-DCC6898CF1D0}.Debug|Any CPU.Build.0 = Debug|Any CPU
		{0009580F-7650-6B28-C9AB-DCC6898CF1D0}.Release|Any CPU.ActiveCfg = Release|Any CPU
		{0009580F-7650-6B28-C9AB-DCC6898CF1D0}.Release|Any CPU.Build.0 = Release|Any CPU
	EndGlobalSection
	GlobalSection(SolutionProperties) = preSolution
		HideSolutionNode = FALSE
	EndGlobalSection
	GlobalSection(ExtensibilityGlobals) = postSolution
		SolutionGuid = {63E91D01-305C-49B3-BA3A-CD592178842E}
	EndGlobalSection
EndGlobal
